// !$*UTF8*$!
{
	archiveVersion = 1;
	classes = {
	};
	objectVersion = 50;
	objects = {

/* Begin PBXBuildFile section */
		D881487B25FE44B800A40A1F /* AppDelegate.swift in Sources */ = {isa = PBXBuildFile; fileRef = D881487A25FE44B800A40A1F /* AppDelegate.swift */; };
		D881487D25FE44B800A40A1F /* SceneDelegate.swift in Sources */ = {isa = PBXBuildFile; fileRef = D881487C25FE44B800A40A1F /* SceneDelegate.swift */; };
		D881487F25FE44B800A40A1F /* ViewController.swift in Sources */ = {isa = PBXBuildFile; fileRef = D881487E25FE44B800A40A1F /* ViewController.swift */; };
		D881488225FE44B800A40A1F /* Main.storyboard in Resources */ = {isa = PBXBuildFile; fileRef = D881488025FE44B800A40A1F /* Main.storyboard */; };
		D881488425FE44BD00A40A1F /* Assets.xcassets in Resources */ = {isa = PBXBuildFile; fileRef = D881488325FE44BD00A40A1F /* Assets.xcassets */; };
		D881488725FE44BD00A40A1F /* LaunchScreen.storyboard in Resources */ = {isa = PBXBuildFile; fileRef = D881488525FE44BD00A40A1F /* LaunchScreen.storyboard */; };
		D8ACA4D025FE6B0F00575998 /* ViewController+AlertController.swift in Sources */ = {isa = PBXBuildFile; fileRef = D8ACA4CF25FE6B0F00575998 /* ViewController+AlertController.swift */; };
		D8ACA4D325FE96AC00575998 /* NetworkWeatherManager.swift in Sources */ = {isa = PBXBuildFile; fileRef = D8ACA4D225FE96AC00575998 /* NetworkWeatherManager.swift */; };
		D8ACA4D725FE9CED00575998 /* Constants.swift in Sources */ = {isa = PBXBuildFile; fileRef = D8ACA4D625FE9CED00575998 /* Constants.swift */; };
		D8ACA4DA2600113100575998 /* CurrentWeatherData.swift in Sources */ = {isa = PBXBuildFile; fileRef = D8ACA4D92600113100575998 /* CurrentWeatherData.swift */; };
		D8ACA4DD2600A01500575998 /* CurrentWeather.swift in Sources */ = {isa = PBXBuildFile; fileRef = D8ACA4DC2600A01500575998 /* CurrentWeather.swift */; };
/* End PBXBuildFile section */

/* Begin PBXFileReference section */
		D881487725FE44B800A40A1F /* ifSunny.app */ = {isa = PBXFileReference; explicitFileType = wrapper.application; includeInIndex = 0; path = ifSunny.app; sourceTree = BUILT_PRODUCTS_DIR; };
		D881487A25FE44B800A40A1F /* AppDelegate.swift */ = {isa = PBXFileReference; lastKnownFileType = sourcecode.swift; path = AppDelegate.swift; sourceTree = "<group>"; };
		D881487C25FE44B800A40A1F /* SceneDelegate.swift */ = {isa = PBXFileReference; lastKnownFileType = sourcecode.swift; path = SceneDelegate.swift; sourceTree = "<group>"; };
		D881487E25FE44B800A40A1F /* ViewController.swift */ = {isa = PBXFileReference; lastKnownFileType = sourcecode.swift; path = ViewController.swift; sourceTree = "<group>"; };
		D881488125FE44B800A40A1F /* Base */ = {isa = PBXFileReference; lastKnownFileType = file.storyboard; name = Base; path = Base.lproj/Main.storyboard; sourceTree = "<group>"; };
		D881488325FE44BD00A40A1F /* Assets.xcassets */ = {isa = PBXFileReference; lastKnownFileType = folder.assetcatalog; path = Assets.xcassets; sourceTree = "<group>"; };
		D881488625FE44BD00A40A1F /* Base */ = {isa = PBXFileReference; lastKnownFileType = file.storyboard; name = Base; path = Base.lproj/LaunchScreen.storyboard; sourceTree = "<group>"; };
		D881488825FE44BD00A40A1F /* Info.plist */ = {isa = PBXFileReference; lastKnownFileType = text.plist.xml; path = Info.plist; sourceTree = "<group>"; };
		D8ACA4CF25FE6B0F00575998 /* ViewController+AlertController.swift */ = {isa = PBXFileReference; lastKnownFileType = sourcecode.swift; path = "ViewController+AlertController.swift"; sourceTree = "<group>"; };
		D8ACA4D225FE96AC00575998 /* NetworkWeatherManager.swift */ = {isa = PBXFileReference; lastKnownFileType = sourcecode.swift; path = NetworkWeatherManager.swift; sourceTree = "<group>"; };
		D8ACA4D625FE9CED00575998 /* Constants.swift */ = {isa = PBXFileReference; lastKnownFileType = sourcecode.swift; path = Constants.swift; sourceTree = "<group>"; };
		D8ACA4D92600113100575998 /* CurrentWeatherData.swift */ = {isa = PBXFileReference; lastKnownFileType = sourcecode.swift; path = CurrentWeatherData.swift; sourceTree = "<group>"; };
		D8ACA4DC2600A01500575998 /* CurrentWeather.swift */ = {isa = PBXFileReference; lastKnownFileType = sourcecode.swift; path = CurrentWeather.swift; sourceTree = "<group>"; };
/* End PBXFileReference section */

/* Begin PBXFrameworksBuildPhase section */
		D881487425FE44B800A40A1F /* Frameworks */ = {
			isa = PBXFrameworksBuildPhase;
			buildActionMask = 2147483647;
			files = (
			);
			runOnlyForDeploymentPostprocessing = 0;
		};
/* End PBXFrameworksBuildPhase section */

/* Begin PBXGroup section */
		D881486E25FE44B800A40A1F = {
			isa = PBXGroup;
			children = (
				D881487925FE44B800A40A1F /* ifSunny */,
				D881487825FE44B800A40A1F /* Products */,
			);
			sourceTree = "<group>";
		};
		D881487825FE44B800A40A1F /* Products */ = {
			isa = PBXGroup;
			children = (
				D881487725FE44B800A40A1F /* ifSunny.app */,
			);
			name = Products;
			sourceTree = "<group>";
		};
		D881487925FE44B800A40A1F /* ifSunny */ = {
			isa = PBXGroup;
			children = (
				D881489425FE466600A40A1F /* Model */,
				D881489225FE464A00A40A1F /* View */,
				D881489325FE465800A40A1F /* Controller */,
				D881488F25FE462B00A40A1F /* Extension */,
				D881489525FE467400A40A1F /* Supporting files */,
			);
			path = ifSunny;
			sourceTree = "<group>";
		};
		D881488F25FE462B00A40A1F /* Extension */ = {
			isa = PBXGroup;
			children = (
				D8ACA4CF25FE6B0F00575998 /* ViewController+AlertController.swift */,
			);
			path = Extension;
			sourceTree = "<group>";
		};
		D881489225FE464A00A40A1F /* View */ = {
			isa = PBXGroup;
			children = (
				D881488025FE44B800A40A1F /* Main.storyboard */,
				D881488525FE44BD00A40A1F /* LaunchScreen.storyboard */,
			);
			path = View;
			sourceTree = "<group>";
		};
		D881489325FE465800A40A1F /* Controller */ = {
			isa = PBXGroup;
			children = (
				D881487E25FE44B800A40A1F /* ViewController.swift */,
			);
			path = Controller;
			sourceTree = "<group>";
		};
		D881489425FE466600A40A1F /* Model */ = {
			isa = PBXGroup;
			children = (
				D8ACA4D225FE96AC00575998 /* NetworkWeatherManager.swift */,
				D8ACA4D92600113100575998 /* CurrentWeatherData.swift */,
				D8ACA4DC2600A01500575998 /* CurrentWeather.swift */,
			);
			path = Model;
			sourceTree = "<group>";
		};
		D881489525FE467400A40A1F /* Supporting files */ = {
			isa = PBXGroup;
			children = (
				D881487A25FE44B800A40A1F /* AppDelegate.swift */,
				D881487C25FE44B800A40A1F /* SceneDelegate.swift */,
				D881488325FE44BD00A40A1F /* Assets.xcassets */,
				D881488825FE44BD00A40A1F /* Info.plist */,
				D8ACA4D625FE9CED00575998 /* Constants.swift */,
			);
			path = "Supporting files";
			sourceTree = "<group>";
		};
/* End PBXGroup section */

/* Begin PBXNativeTarget section */
		D881487625FE44B800A40A1F /* ifSunny */ = {
			isa = PBXNativeTarget;
			buildConfigurationList = D881488B25FE44BD00A40A1F /* Build configuration list for PBXNativeTarget "ifSunny" */;
			buildPhases = (
				D881487325FE44B800A40A1F /* Sources */,
				D881487425FE44B800A40A1F /* Frameworks */,
				D881487525FE44B800A40A1F /* Resources */,
			);
			buildRules = (
			);
			dependencies = (
			);
			name = ifSunny;
			productName = ifSunny;
			productReference = D881487725FE44B800A40A1F /* ifSunny.app */;
			productType = "com.apple.product-type.application";
		};
/* End PBXNativeTarget section */

/* Begin PBXProject section */
		D881486F25FE44B800A40A1F /* Project object */ = {
			isa = PBXProject;
			attributes = {
				LastSwiftUpdateCheck = 1240;
				LastUpgradeCheck = 1240;
				TargetAttributes = {
					D881487625FE44B800A40A1F = {
						CreatedOnToolsVersion = 12.4;
					};
				};
			};
			buildConfigurationList = D881487225FE44B800A40A1F /* Build configuration list for PBXProject "ifSunny" */;
			compatibilityVersion = "Xcode 9.3";
			developmentRegion = en;
			hasScannedForEncodings = 0;
			knownRegions = (
				en,
				Base,
			);
			mainGroup = D881486E25FE44B800A40A1F;
			productRefGroup = D881487825FE44B800A40A1F /* Products */;
			projectDirPath = "";
			projectRoot = "";
			targets = (
				D881487625FE44B800A40A1F /* ifSunny */,
			);
		};
/* End PBXProject section */

/* Begin PBXResourcesBuildPhase section */
		D881487525FE44B800A40A1F /* Resources */ = {
			isa = PBXResourcesBuildPhase;
			buildActionMask = 2147483647;
			files = (
				D881488725FE44BD00A40A1F /* LaunchScreen.storyboard in Resources */,
				D881488425FE44BD00A40A1F /* Assets.xcassets in Resources */,
				D881488225FE44B800A40A1F /* Main.storyboard in Resources */,
			);
			runOnlyForDeploymentPostprocessing = 0;
		};
/* End PBXResourcesBuildPhase section */

/* Begin PBXSourcesBuildPhase section */
		D881487325FE44B800A40A1F /* Sources */ = {
			isa = PBXSourcesBuildPhase;
			buildActionMask = 2147483647;
			files = (
				D881487F25FE44B800A40A1F /* ViewController.swift in Sources */,
				D8ACA4D025FE6B0F00575998 /* ViewController+AlertController.swift in Sources */,
				D8ACA4DD2600A01500575998 /* CurrentWeather.swift in Sources */,
				D8ACA4D325FE96AC00575998 /* NetworkWeatherManager.swift in Sources */,
				D881487B25FE44B800A40A1F /* AppDelegate.swift in Sources */,
				D881487D25FE44B800A40A1F /* SceneDelegate.swift in Sources */,
				D8ACA4DA2600113100575998 /* CurrentWeatherData.swift in Sources */,
				D8ACA4D725FE9CED00575998 /* Constants.swift in Sources */,
			);
			runOnlyForDeploymentPostprocessing = 0;
		};
/* End PBXSourcesBuildPhase section */

/* Begin PBXVariantGroup section */
		D881488025FE44B800A40A1F /* Main.storyboard */ = {
			isa = PBXVariantGroup;
			children = (
				D881488125FE44B800A40A1F /* Base */,
			);
			name = Main.storyboard;
			sourceTree = "<group>";
		};
		D881488525FE44BD00A40A1F /* LaunchScreen.storyboard */ = {
			isa = PBXVariantGroup;
			children = (
				D881488625FE44BD00A40A1F /* Base */,
			);
			name = LaunchScreen.storyboard;
			sourceTree = "<group>";
		};
/* End PBXVariantGroup section */

/* Begin XCBuildConfiguration section */
		D881488925FE44BD00A40A1F /* Debug */ = {
			isa = XCBuildConfiguration;
			buildSettings = {
				ALWAYS_SEARCH_USER_PATHS = NO;
				CLANG_ANALYZER_NONNULL = YES;
				CLANG_ANALYZER_NUMBER_OBJECT_CONVERSION = YES_AGGRESSIVE;
				CLANG_CXX_LANGUAGE_STANDARD = "gnu++14";
				CLANG_CXX_LIBRARY = "libc++";
				CLANG_ENABLE_MODULES = YES;
				CLANG_ENABLE_OBJC_ARC = YES;
				CLANG_ENABLE_OBJC_WEAK = YES;
				CLANG_WARN_BLOCK_CAPTURE_AUTORELEASING = YES;
				CLANG_WARN_BOOL_CONVERSION = YES;
				CLANG_WARN_COMMA = YES;
				CLANG_WARN_CONSTANT_CONVERSION = YES;
				CLANG_WARN_DEPRECATED_OBJC_IMPLEMENTATIONS = YES;
				CLANG_WARN_DIRECT_OBJC_ISA_USAGE = YES_ERROR;
				CLANG_WARN_DOCUMENTATION_COMMENTS = YES;
				CLANG_WARN_EMPTY_BODY = YES;
				CLANG_WARN_ENUM_CONVERSION = YES;
				CLANG_WARN_INFINITE_RECURSION = YES;
				CLANG_WARN_INT_CONVERSION = YES;
				CLANG_WARN_NON_LITERAL_NULL_CONVERSION = YES;
				CLANG_WARN_OBJC_IMPLICIT_RETAIN_SELF = YES;
				CLANG_WARN_OBJC_LITERAL_CONVERSION = YES;
				CLANG_WARN_OBJC_ROOT_CLASS = YES_ERROR;
				CLANG_WARN_QUOTED_INCLUDE_IN_FRAMEWORK_HEADER = YES;
				CLANG_WARN_RANGE_LOOP_ANALYSIS = YES;
				CLANG_WARN_STRICT_PROTOTYPES = YES;
				CLANG_WARN_SUSPICIOUS_MOVE = YES;
				CLANG_WARN_UNGUARDED_AVAILABILITY = YES_AGGRESSIVE;
				CLANG_WARN_UNREACHABLE_CODE = YES;
				CLANG_WARN__DUPLICATE_METHOD_MATCH = YES;
				COPY_PHASE_STRIP = NO;
				DEBUG_INFORMATION_FORMAT = dwarf;
				ENABLE_STRICT_OBJC_MSGSEND = YES;
				ENABLE_TESTABILITY = YES;
				GCC_C_LANGUAGE_STANDARD = gnu11;
				GCC_DYNAMIC_NO_PIC = NO;
				GCC_NO_COMMON_BLOCKS = YES;
				GCC_OPTIMIZATION_LEVEL = 0;
				GCC_PREPROCESSOR_DEFINITIONS = (
					"DEBUG=1",
					"$(inherited)",
				);
				GCC_WARN_64_TO_32_BIT_CONVERSION = YES;
				GCC_WARN_ABOUT_RETURN_TYPE = YES_ERROR;
				GCC_WARN_UNDECLARED_SELECTOR = YES;
				GCC_WARN_UNINITIALIZED_AUTOS = YES_AGGRESSIVE;
				GCC_WARN_UNUSED_FUNCTION = YES;
				GCC_WARN_UNUSED_VARIABLE = YES;
				IPHONEOS_DEPLOYMENT_TARGET = 14.4;
				MTL_ENABLE_DEBUG_INFO = INCLUDE_SOURCE;
				MTL_FAST_MATH = YES;
				ONLY_ACTIVE_ARCH = YES;
				SDKROOT = iphoneos;
				SWIFT_ACTIVE_COMPILATION_CONDITIONS = DEBUG;
				SWIFT_OPTIMIZATION_LEVEL = "-Onone";
			};
			name = Debug;
		};
		D881488A25FE44BD00A40A1F /* Release */ = {
			isa = XCBuildConfiguration;
			buildSettings = {
				ALWAYS_SEARCH_USER_PATHS = NO;
				CLANG_ANALYZER_NONNULL = YES;
				CLANG_ANALYZER_NUMBER_OBJECT_CONVERSION = YES_AGGRESSIVE;
				CLANG_CXX_LANGUAGE_STANDARD = "gnu++14";
				CLANG_CXX_LIBRARY = "libc++";
				CLANG_ENABLE_MODULES = YES;
				CLANG_ENABLE_OBJC_ARC = YES;
				CLANG_ENABLE_OBJC_WEAK = YES;
				CLANG_WARN_BLOCK_CAPTURE_AUTORELEASING = YES;
				CLANG_WARN_BOOL_CONVERSION = YES;
				CLANG_WARN_COMMA = YES;
				CLANG_WARN_CONSTANT_CONVERSION = YES;
				CLANG_WARN_DEPRECATED_OBJC_IMPLEMENTATIONS = YES;
				CLANG_WARN_DIRECT_OBJC_ISA_USAGE = YES_ERROR;
				CLANG_WARN_DOCUMENTATION_COMMENTS = YES;
				CLANG_WARN_EMPTY_BODY = YES;
				CLANG_WARN_ENUM_CONVERSION = YES;
				CLANG_WARN_INFINITE_RECURSION = YES;
				CLANG_WARN_INT_CONVERSION = YES;
				CLANG_WARN_NON_LITERAL_NULL_CONVERSION = YES;
				CLANG_WARN_OBJC_IMPLICIT_RETAIN_SELF = YES;
				CLANG_WARN_OBJC_LITERAL_CONVERSION = YES;
				CLANG_WARN_OBJC_ROOT_CLASS = YES_ERROR;
				CLANG_WARN_QUOTED_INCLUDE_IN_FRAMEWORK_HEADER = YES;
				CLANG_WARN_RANGE_LOOP_ANALYSIS = YES;
				CLANG_WARN_STRICT_PROTOTYPES = YES;
				CLANG_WARN_SUSPICIOUS_MOVE = YES;
				CLANG_WARN_UNGUARDED_AVAILABILITY = YES_AGGRESSIVE;
				CLANG_WARN_UNREACHABLE_CODE = YES;
				CLANG_WARN__DUPLICATE_METHOD_MATCH = YES;
				COPY_PHASE_STRIP = NO;
				DEBUG_INFORMATION_FORMAT = "dwarf-with-dsym";
				ENABLE_NS_ASSERTIONS = NO;
				ENABLE_STRICT_OBJC_MSGSEND = YES;
				GCC_C_LANGUAGE_STANDARD = gnu11;
				GCC_NO_COMMON_BLOCKS = YES;
				GCC_WARN_64_TO_32_BIT_CONVERSION = YES;
				GCC_WARN_ABOUT_RETURN_TYPE = YES_ERROR;
				GCC_WARN_UNDECLARED_SELECTOR = YES;
				GCC_WARN_UNINITIALIZED_AUTOS = YES_AGGRESSIVE;
				GCC_WARN_UNUSED_FUNCTION = YES;
				GCC_WARN_UNUSED_VARIABLE = YES;
				IPHONEOS_DEPLOYMENT_TARGET = 14.4;
				MTL_ENABLE_DEBUG_INFO = NO;
				MTL_FAST_MATH = YES;
				SDKROOT = iphoneos;
				SWIFT_COMPILATION_MODE = wholemodule;
				SWIFT_OPTIMIZATION_LEVEL = "-O";
				VALIDATE_PRODUCT = YES;
			};
			name = Release;
		};
		D881488C25FE44BD00A40A1F /* Debug */ = {
			isa = XCBuildConfiguration;
			buildSettings = {
				ASSETCATALOG_COMPILER_APPICON_NAME = AppIcon;
				ASSETCATALOG_COMPILER_GLOBAL_ACCENT_COLOR_NAME = AccentColor;
				CODE_SIGN_STYLE = Automatic;
				DEVELOPMENT_TEAM = D559B7ZD7Z;
				INFOPLIST_FILE = "ifSunny/Supporting files/Info.plist";
				LD_RUNPATH_SEARCH_PATHS = (
					"$(inherited)",
					"@executable_path/Frameworks",
				);
				PRODUCT_BUNDLE_IDENTIFIER = com.aapolyudov.ifSunny;
				PRODUCT_NAME = "$(TARGET_NAME)";
				SWIFT_VERSION = 5.0;
				TARGETED_DEVICE_FAMILY = "1,2";
			};
			name = Debug;
		};
		D881488D25FE44BD00A40A1F /* Release */ = {
			isa = XCBuildConfiguration;
			buildSettings = {
				ASSETCATALOG_COMPILER_APPICON_NAME = AppIcon;
				ASSETCATALOG_COMPILER_GLOBAL_ACCENT_COLOR_NAME = AccentColor;
				CODE_SIGN_STYLE = Automatic;
				DEVELOPMENT_TEAM = D559B7ZD7Z;
				INFOPLIST_FILE = "ifSunny/Supporting files/Info.plist";
				LD_RUNPATH_SEARCH_PATHS = (
					"$(inherited)",
					"@executable_path/Frameworks",
				);
				PRODUCT_BUNDLE_IDENTIFIER = com.aapolyudov.ifSunny;
				PRODUCT_NAME = "$(TARGET_NAME)";
				SWIFT_VERSION = 5.0;
				TARGETED_DEVICE_FAMILY = "1,2";
			};
			name = Release;
		};
/* End XCBuildConfiguration section */

/* Begin XCConfigurationList section */
		D881487225FE44B800A40A1F /* Build configuration list for PBXProject "ifSunny" */ = {
			isa = XCConfigurationList;
			buildConfigurations = (
				D881488925FE44BD00A40A1F /* Debug */,
				D881488A25FE44BD00A40A1F /* Release */,
			);
			defaultConfigurationIsVisible = 0;
			defaultConfigurationName = Release;
		};
		D881488B25FE44BD00A40A1F /* Build configuration list for PBXNativeTarget "ifSunny" */ = {
			isa = XCConfigurationList;
			buildConfigurations = (
				D881488C25FE44BD00A40A1F /* Debug */,
				D881488D25FE44BD00A40A1F /* Release */,
			);
			defaultConfigurationIsVisible = 0;
			defaultConfigurationName = Release;
		};
/* End XCConfigurationList section */
	};
	rootObject = D881486F25FE44B800A40A1F /* Project object */;
}
